
Microsoft Visual Studio Solution File, Format Version 12.00
# Visual Studio Version 17
VisualStudioVersion = 17.10.35027.167
MinimumVisualStudioVersion = 10.0.40219.1
Project("{FAE04EC0-301F-11D3-BF4B-00C04F79EFBC}") = "MyEngine", "course_engine\MyEngine.csproj", "{A20758B2-E642-449F-B0A4-B0A8526F4B09}"
EndProject
Project("{FAE04EC0-301F-11D3-BF4B-00C04F79EFBC}") = "Leoecs", "Leoecs\Leoecs.csproj", "{3D7CBC2C-BB6F-4967-980C-8DB2ADB021BD}"
EndProject
Global
	GlobalSection(SolutionConfigurationPlatforms) = preSolution
		Debug|Any CPU = Debug|Any CPU
		Release|Any CPU = Release|Any CPU
	EndGlobalSection
	GlobalSection(ProjectConfigurationPlatforms) = postSolution
		{A20758B2-E642-449F-B0A4-B0A8526F4B09}.Debug|Any CPU.ActiveCfg = Debug|Any CPU
		{A20758B2-E642-449F-B0A4-B0A8526F4B09}.Debug|Any CPU.Build.0 = Debug|Any CPU
		{A20758B2-E642-449F-B0A4-B0A8526F4B09}.Release|Any CPU.ActiveCfg = Release|Any CPU
		{A20758B2-E642-449F-B0A4-B0A8526F4B09}.Release|Any CPU.Build.0 = Release|Any CPU
		{3D7CBC2C-BB6F-4967-980C-8DB2ADB021BD}.Debug|Any CPU.ActiveCfg = Debug|Any CPU
		{3D7CBC2C-BB6F-4967-980C-8DB2ADB021BD}.Debug|Any CPU.Build.0 = Debug|Any CPU
		{3D7CBC2C-BB6F-4967-980C-8DB2ADB021BD}.Release|Any CPU.ActiveCfg = Release|Any CPU
		{3D7CBC2C-BB6F-4967-980C-8DB2ADB021BD}.Release|Any CPU.Build.0 = Release|Any CPU
	EndGlobalSection
	GlobalSection(SolutionProperties) = preSolution
		HideSolutionNode = FALSE
	EndGlobalSection
	GlobalSection(ExtensibilityGlobals) = postSolution
		SolutionGuid = {BF552369-3277-48DC-AF39-3DBB9672CFFA}
	EndGlobalSection
EndGlobal
